
Microsoft Visual Studio Solution File, Format Version 12.00
# Visual Studio 15
VisualStudioVersion = 15.0.26403.0
MinimumVisualStudioVersion = 10.0.40219.1
Project("{FAE04EC0-301F-11D3-BF4B-00C04F79EFBC}") = "Tests", "Tests\Tests.csproj", "{0F358564-76EB-4B75-979F-B588199462DA}"
EndProject
Project("{FAE04EC0-301F-11D3-BF4B-00C04F79EFBC}") = "TestHarness", "TestHarness\TestHarness.csproj", "{CA2C3F06-FE67-48E9-A7F2-5EB9114BEE89}"
EndProject
Project("{FAE04EC0-301F-11D3-BF4B-00C04F79EFBC}") = "WebApi.StructureMap", "WebApi.StructureMap\WebApi.StructureMap.csproj", "{D1780860-7C4F-4E21-ABAA-4475837957BD}"
EndProject
Global
	GlobalSection(SolutionConfigurationPlatforms) = preSolution
		Debug|Any CPU = Debug|Any CPU
		Release|Any CPU = Release|Any CPU
		Release-4.5.2|Any CPU = Release-4.5.2|Any CPU
	EndGlobalSection
	GlobalSection(ProjectConfigurationPlatforms) = postSolution
		{0F358564-76EB-4B75-979F-B588199462DA}.Debug|Any CPU.ActiveCfg = Debug|Any CPU
		{0F358564-76EB-4B75-979F-B588199462DA}.Debug|Any CPU.Build.0 = Debug|Any CPU
		{0F358564-76EB-4B75-979F-B588199462DA}.Release|Any CPU.ActiveCfg = Release|Any CPU
		{0F358564-76EB-4B75-979F-B588199462DA}.Release|Any CPU.Build.0 = Release|Any CPU
		{0F358564-76EB-4B75-979F-B588199462DA}.Release-4.5.2|Any CPU.ActiveCfg = Release-4.5.2|Any CPU
		{0F358564-76EB-4B75-979F-B588199462DA}.Release-4.5.2|Any CPU.Build.0 = Release-4.5.2|Any CPU
		{CA2C3F06-FE67-48E9-A7F2-5EB9114BEE89}.Debug|Any CPU.ActiveCfg = Debug|Any CPU
		{CA2C3F06-FE67-48E9-A7F2-5EB9114BEE89}.Debug|Any CPU.Build.0 = Debug|Any CPU
		{CA2C3F06-FE67-48E9-A7F2-5EB9114BEE89}.Release|Any CPU.ActiveCfg = Release|Any CPU
		{CA2C3F06-FE67-48E9-A7F2-5EB9114BEE89}.Release|Any CPU.Build.0 = Release|Any CPU
		{CA2C3F06-FE67-48E9-A7F2-5EB9114BEE89}.Release-4.5.2|Any CPU.ActiveCfg = Release-4.5.2|Any CPU
		{CA2C3F06-FE67-48E9-A7F2-5EB9114BEE89}.Release-4.5.2|Any CPU.Build.0 = Release-4.5.2|Any CPU
		{D1780860-7C4F-4E21-ABAA-4475837957BD}.Debug|Any CPU.ActiveCfg = Debug|Any CPU
		{D1780860-7C4F-4E21-ABAA-4475837957BD}.Debug|Any CPU.Build.0 = Debug|Any CPU
		{D1780860-7C4F-4E21-ABAA-4475837957BD}.Release|Any CPU.ActiveCfg = Release|Any CPU
		{D1780860-7C4F-4E21-ABAA-4475837957BD}.Release|Any CPU.Build.0 = Release|Any CPU
		{D1780860-7C4F-4E21-ABAA-4475837957BD}.Release-4.5.2|Any CPU.ActiveCfg = Release-4.5.2|Any CPU
		{D1780860-7C4F-4E21-ABAA-4475837957BD}.Release-4.5.2|Any CPU.Build.0 = Release-4.5.2|Any CPU
	EndGlobalSection
	GlobalSection(SolutionProperties) = preSolution
		HideSolutionNode = FALSE
	EndGlobalSection
EndGlobal
